{
  "version": 2,
  "dependencies": {
    "net9.0-windows10.0.22621": {
      "Microsoft.CodeAnalysis.PublicApiAnalyzers": {
        "type": "Direct",
        "requested": "[4.14.0, )",
        "resolved": "4.14.0",
        "contentHash": "5zBDSa8D1pfn5VyDzRekcYdVx/DGAzwegblVJhzdN0kvPt97TPr12haA6ZG0wS2WgBb1W42GeZJRiRtlNaoY1w=="
      },
      "Microsoft.CommandPalette.Extensions": {
        "type": "Direct",
        "requested": "[0.2.0, )",
        "resolved": "0.2.0",
        "contentHash": "xSI1FkItLioQUOg0O5+1nEtfmTMFuOsM26GyhGqoniGnZNHb4oI0+uzsOvnSSRHI/C5VnCPXxwJlkzoXVVASUQ==",
        "dependencies": {
          "Microsoft.Windows.CsWinRT": "2.2.0"
        }
      },
      "Microsoft.Web.WebView2": {
        "type": "Direct",
        "requested": "[1.0.2903.40, )",
        "resolved": "1.0.2903.40",
        "contentHash": "THrzYAnJgE3+cNH+9Epr44XjoZoRELdVpXlWGPs6K9C9G6TqyDfVCeVAR/Er8ljLitIUX5gaSkPsy9wRhD1sgQ=="
      },
      "Microsoft.Windows.CsWinRT": {
        "type": "Direct",
        "requested": "[2.2.0, )",
        "resolved": "2.2.0",
        "contentHash": "R8MDVawukHrKgYCFgYaoLfbAna/FrImEFRxDK9k8ITbrXv3KLE5uN6tRqrNV83H4MFdqJ/uiA/hg1cSsXkl0vw=="
      },
      "Microsoft.WindowsAppSDK": {
        "type": "Direct",
        "requested": "[1.7.250606001, )",
        "resolved": "1.7.250606001",
        "contentHash": "LdMRw0HqGu/w0DQKDRaABdIuSL8GiRitHSMiHH3SAR715/mEiWtVWPRJKp0aMcQ6JiBBqkQVZgu71MeXmQipkw==",
        "dependencies": {
          "Microsoft.Web.WebView2": "1.0.2903.40",
          "Microsoft.Windows.SDK.BuildTools": "10.0.22621.756"
        }
      },
      "Serilog": {
        "type": "Direct",
        "requested": "[4.3.0, )",
        "resolved": "4.3.0",
        "contentHash": "+cDryFR0GRhsGOnZSKwaDzRRl4MupvJ42FhCE4zhQRVanX0Jpg6WuCBk59OVhVDPmab1bB+nRykAnykYELA9qQ=="
      },
      "Serilog.Sinks.File": {
        "type": "Direct",
        "requested": "[7.0.0, )",
        "resolved": "7.0.0",
        "contentHash": "fKL7mXv7qaiNBUC71ssvn/dU0k9t0o45+qm2XgKAlSt19xF+ijjxyA3R6HmCgfKEKwfcfkwWjayuQtRueZFkYw==",
        "dependencies": {
          "Serilog": "4.2.0"
        }
      },
      "Shmuelie.WinRTServer": {
        "type": "Direct",
        "requested": "[2.2.1, )",
        "resolved": "2.2.1",
        "contentHash": "Nt+t3cMga8YWXToaTw//CGjO9mTQORc+qSKyrVXZAhnyUWiZ7flhFBTWI1igp+2o2PYl5CCNHYfz9JI4F25GPA=="
      },
      "System.Text.Json": {
        "type": "Direct",
        "requested": "[9.0.3, )",
        "resolved": "9.0.3",
        "contentHash": "r2JRkLjsYrq5Dpo7+y3Wa73OfirZPdVhxiTJWwZ+oJM7FOAe0LkM3GlH+pgkNRdd1G1kwUbmRCdmh4uoaWwu1g=="
      },
      "Microsoft.Windows.SDK.BuildTools": {
        "type": "CentralTransitive",
        "requested": "[10.0.22621.2428, )",
        "resolved": "10.0.22621.756",
        "contentHash": "7ZL2sFSioYm1Ry067Kw1hg0SCcW5kuVezC2SwjGbcPE61Nn+gTbH86T73G3LcEOVj0S3IZzNuE/29gZvOLS7VA=="
      }
    },
    "net9.0-windows10.0.22621/win-arm64": {
      "Microsoft.CommandPalette.Extensions": {
        "type": "Direct",
        "requested": "[0.2.0, )",
        "resolved": "0.2.0",
        "contentHash": "xSI1FkItLioQUOg0O5+1nEtfmTMFuOsM26GyhGqoniGnZNHb4oI0+uzsOvnSSRHI/C5VnCPXxwJlkzoXVVASUQ==",
        "dependencies": {
          "Microsoft.Windows.CsWinRT": "2.2.0"
        }
      },
      "Microsoft.Web.WebView2": {
        "type": "Direct",
        "requested": "[1.0.2903.40, )",
        "resolved": "1.0.2903.40",
        "contentHash": "THrzYAnJgE3+cNH+9Epr44XjoZoRELdVpXlWGPs6K9C9G6TqyDfVCeVAR/Er8ljLitIUX5gaSkPsy9wRhD1sgQ=="
      },
      "Microsoft.WindowsAppSDK": {
        "type": "Direct",
        "requested": "[1.7.250606001, )",
        "resolved": "1.7.250606001",
        "contentHash": "LdMRw0HqGu/w0DQKDRaABdIuSL8GiRitHSMiHH3SAR715/mEiWtVWPRJKp0aMcQ6JiBBqkQVZgu71MeXmQipkw==",
        "dependencies": {
          "Microsoft.Web.WebView2": "1.0.2903.40",
          "Microsoft.Windows.SDK.BuildTools": "10.0.22621.756"
        }
      }
    },
    "net9.0-windows10.0.22621/win-x64": {
      "Microsoft.CommandPalette.Extensions": {
        "type": "Direct",
        "requested": "[0.2.0, )",
        "resolved": "0.2.0",
        "contentHash": "xSI1FkItLioQUOg0O5+1nEtfmTMFuOsM26GyhGqoniGnZNHb4oI0+uzsOvnSSRHI/C5VnCPXxwJlkzoXVVASUQ==",
        "dependencies": {
          "Microsoft.Windows.CsWinRT": "2.2.0"
        }
      },
      "Microsoft.Web.WebView2": {
        "type": "Direct",
        "requested": "[1.0.2903.40, )",
        "resolved": "1.0.2903.40",
        "contentHash": "THrzYAnJgE3+cNH+9Epr44XjoZoRELdVpXlWGPs6K9C9G6TqyDfVCeVAR/Er8ljLitIUX5gaSkPsy9wRhD1sgQ=="
      },
      "Microsoft.WindowsAppSDK": {
        "type": "Direct",
        "requested": "[1.7.250606001, )",
        "resolved": "1.7.250606001",
        "contentHash": "LdMRw0HqGu/w0DQKDRaABdIuSL8GiRitHSMiHH3SAR715/mEiWtVWPRJKp0aMcQ6JiBBqkQVZgu71MeXmQipkw==",
        "dependencies": {
          "Microsoft.Web.WebView2": "1.0.2903.40",
          "Microsoft.Windows.SDK.BuildTools": "10.0.22621.756"
        }
      }
    }
  }
}